// !$*UTF8*$!
{
	archiveVersion = 1;
	classes = {
	};
	objectVersion = 56;
	objects = {

/* Begin PBXBuildFile section */
		9D36D85029F768E300AA9E33 /* ongoingClock.swift in Sources */ = {isa = PBXBuildFile; fileRef = 9D36D84F29F768E300AA9E33 /* ongoingClock.swift */; };
		9D36D85229F7691800AA9E33 /* editClock.swift in Sources */ = {isa = PBXBuildFile; fileRef = 9D36D85129F7691800AA9E33 /* editClock.swift */; };
		9D36D85429F769AF00AA9E33 /* arcTaskGroup.swift in Sources */ = {isa = PBXBuildFile; fileRef = 9D36D85329F769AF00AA9E33 /* arcTaskGroup.swift */; };
		9D36D85829F76AD900AA9E33 /* taskList.swift in Sources */ = {isa = PBXBuildFile; fileRef = 9D36D85729F76AD900AA9E33 /* taskList.swift */; };
		9D5440E329F6FBA100CBC64C /* ios_orgnizeApp.swift in Sources */ = {isa = PBXBuildFile; fileRef = 9D5440E229F6FBA100CBC64C /* ios_orgnizeApp.swift */; };
		9D5440E729F6FBA200CBC64C /* Assets.xcassets in Resources */ = {isa = PBXBuildFile; fileRef = 9D5440E629F6FBA200CBC64C /* Assets.xcassets */; };
		9D5440EA29F6FBA200CBC64C /* Preview Assets.xcassets in Resources */ = {isa = PBXBuildFile; fileRef = 9D5440E929F6FBA200CBC64C /* Preview Assets.xcassets */; };
		9D5440F429F6FBA200CBC64C /* ios_orgnizeTests.swift in Sources */ = {isa = PBXBuildFile; fileRef = 9D5440F329F6FBA200CBC64C /* ios_orgnizeTests.swift */; };
		9D5440FE29F6FBA200CBC64C /* ios_orgnizeUITests.swift in Sources */ = {isa = PBXBuildFile; fileRef = 9D5440FD29F6FBA200CBC64C /* ios_orgnizeUITests.swift */; };
		9D54410029F6FBA200CBC64C /* ios_orgnizeUITestsLaunchTests.swift in Sources */ = {isa = PBXBuildFile; fileRef = 9D5440FF29F6FBA200CBC64C /* ios_orgnizeUITestsLaunchTests.swift */; };
		9D54410D29F6FBE000CBC64C /* tabView.swift in Sources */ = {isa = PBXBuildFile; fileRef = 9D54410C29F6FBE000CBC64C /* tabView.swift */; };
		9D7FFA2129F9EF6300EC7EBA /* editTasks.swift in Sources */ = {isa = PBXBuildFile; fileRef = 9D7FFA2029F9EF6300EC7EBA /* editTasks.swift */; };
		9D8D117329FF0E8400062F53 /* CRUDFile.swift in Sources */ = {isa = PBXBuildFile; fileRef = 9D8D117229FF0E8400062F53 /* CRUDFile.swift */; };
		9DD1EF1429FDA03500B6BE34 /* 2.png in Resources */ = {isa = PBXBuildFile; fileRef = 9DD1EF1129FDA03500B6BE34 /* 2.png */; };
		9DD1EF1529FDA03500B6BE34 /* 3.png in Resources */ = {isa = PBXBuildFile; fileRef = 9DD1EF1229FDA03500B6BE34 /* 3.png */; };
		9DD1EF1629FDA03500B6BE34 /* 1.png in Resources */ = {isa = PBXBuildFile; fileRef = 9DD1EF1329FDA03500B6BE34 /* 1.png */; };
		9DD1EF1829FDA14600B6BE34 /* image.swift in Sources */ = {isa = PBXBuildFile; fileRef = 9DD1EF1729FDA14600B6BE34 /* image.swift */; };
		9DDD015E29F8A3E9001E3E02 /* externalStructs.swift in Sources */ = {isa = PBXBuildFile; fileRef = 9DDD015D29F8A3E9001E3E02 /* externalStructs.swift */; };
/* End PBXBuildFile section */

/* Begin PBXContainerItemProxy section */
		9D5440F029F6FBA200CBC64C /* PBXContainerItemProxy */ = {
			isa = PBXContainerItemProxy;
			containerPortal = 9D5440D729F6FBA100CBC64C /* Project object */;
			proxyType = 1;
			remoteGlobalIDString = 9D5440DE29F6FBA100CBC64C;
			remoteInfo = ios.orgnize;
		};
		9D5440FA29F6FBA200CBC64C /* PBXContainerItemProxy */ = {
			isa = PBXContainerItemProxy;
			containerPortal = 9D5440D729F6FBA100CBC64C /* Project object */;
			proxyType = 1;
			remoteGlobalIDString = 9D5440DE29F6FBA100CBC64C;
			remoteInfo = ios.orgnize;
		};
/* End PBXContainerItemProxy section */

/* Begin PBXFileReference section */
		9D36D84F29F768E300AA9E33 /* ongoingClock.swift */ = {isa = PBXFileReference; lastKnownFileType = sourcecode.swift; path = ongoingClock.swift; sourceTree = "<group>"; };
		9D36D85129F7691800AA9E33 /* editClock.swift */ = {isa = PBXFileReference; lastKnownFileType = sourcecode.swift; path = editClock.swift; sourceTree = "<group>"; };
		9D36D85329F769AF00AA9E33 /* arcTaskGroup.swift */ = {isa = PBXFileReference; lastKnownFileType = sourcecode.swift; path = arcTaskGroup.swift; sourceTree = "<group>"; };
		9D36D85729F76AD900AA9E33 /* taskList.swift */ = {isa = PBXFileReference; lastKnownFileType = sourcecode.swift; path = taskList.swift; sourceTree = "<group>"; };
		9D5440DF29F6FBA100CBC64C /* ios.orgnize.app */ = {isa = PBXFileReference; explicitFileType = wrapper.application; includeInIndex = 0; path = ios.orgnize.app; sourceTree = BUILT_PRODUCTS_DIR; };
		9D5440E229F6FBA100CBC64C /* ios_orgnizeApp.swift */ = {isa = PBXFileReference; lastKnownFileType = sourcecode.swift; path = ios_orgnizeApp.swift; sourceTree = "<group>"; };
		9D5440E629F6FBA200CBC64C /* Assets.xcassets */ = {isa = PBXFileReference; lastKnownFileType = folder.assetcatalog; path = Assets.xcassets; sourceTree = "<group>"; };
		9D5440E929F6FBA200CBC64C /* Preview Assets.xcassets */ = {isa = PBXFileReference; lastKnownFileType = folder.assetcatalog; path = "Preview Assets.xcassets"; sourceTree = "<group>"; };
		9D5440EF29F6FBA200CBC64C /* ios.orgnizeTests.xctest */ = {isa = PBXFileReference; explicitFileType = wrapper.cfbundle; includeInIndex = 0; path = ios.orgnizeTests.xctest; sourceTree = BUILT_PRODUCTS_DIR; };
		9D5440F329F6FBA200CBC64C /* ios_orgnizeTests.swift */ = {isa = PBXFileReference; lastKnownFileType = sourcecode.swift; path = ios_orgnizeTests.swift; sourceTree = "<group>"; };
		9D5440F929F6FBA200CBC64C /* ios.orgnizeUITests.xctest */ = {isa = PBXFileReference; explicitFileType = wrapper.cfbundle; includeInIndex = 0; path = ios.orgnizeUITests.xctest; sourceTree = BUILT_PRODUCTS_DIR; };
		9D5440FD29F6FBA200CBC64C /* ios_orgnizeUITests.swift */ = {isa = PBXFileReference; lastKnownFileType = sourcecode.swift; path = ios_orgnizeUITests.swift; sourceTree = "<group>"; };
		9D5440FF29F6FBA200CBC64C /* ios_orgnizeUITestsLaunchTests.swift */ = {isa = PBXFileReference; lastKnownFileType = sourcecode.swift; path = ios_orgnizeUITestsLaunchTests.swift; sourceTree = "<group>"; };
		9D54410C29F6FBE000CBC64C /* tabView.swift */ = {isa = PBXFileReference; lastKnownFileType = sourcecode.swift; path = tabView.swift; sourceTree = "<group>"; };
		9D7FFA2029F9EF6300EC7EBA /* editTasks.swift */ = {isa = PBXFileReference; lastKnownFileType = sourcecode.swift; path = editTasks.swift; sourceTree = "<group>"; };
		9D8D117229FF0E8400062F53 /* CRUDFile.swift */ = {isa = PBXFileReference; lastKnownFileType = sourcecode.swift; path = CRUDFile.swift; sourceTree = "<group>"; };
		9D8D117429FF19B300062F53 /* ios-orgnize-Info.plist */ = {isa = PBXFileReference; lastKnownFileType = text.plist; path = "ios-orgnize-Info.plist"; sourceTree = SOURCE_ROOT; };
		9DD1EF1129FDA03500B6BE34 /* 2.png */ = {isa = PBXFileReference; lastKnownFileType = image.png; path = 2.png; sourceTree = "<group>"; };
		9DD1EF1229FDA03500B6BE34 /* 3.png */ = {isa = PBXFileReference; lastKnownFileType = image.png; path = 3.png; sourceTree = "<group>"; };
		9DD1EF1329FDA03500B6BE34 /* 1.png */ = {isa = PBXFileReference; lastKnownFileType = image.png; path = 1.png; sourceTree = "<group>"; };
		9DD1EF1729FDA14600B6BE34 /* image.swift */ = {isa = PBXFileReference; lastKnownFileType = sourcecode.swift; path = image.swift; sourceTree = "<group>"; };
		9DDD015D29F8A3E9001E3E02 /* externalStructs.swift */ = {isa = PBXFileReference; lastKnownFileType = sourcecode.swift; path = externalStructs.swift; sourceTree = "<group>"; };
/* End PBXFileReference section */

/* Begin PBXFrameworksBuildPhase section */
		9D5440DC29F6FBA100CBC64C /* Frameworks */ = {
			isa = PBXFrameworksBuildPhase;
			buildActionMask = 2147483647;
			files = (
			);
			runOnlyForDeploymentPostprocessing = 0;
		};
		9D5440EC29F6FBA200CBC64C /* Frameworks */ = {
			isa = PBXFrameworksBuildPhase;
			buildActionMask = 2147483647;
			files = (
			);
			runOnlyForDeploymentPostprocessing = 0;
		};
		9D5440F629F6FBA200CBC64C /* Frameworks */ = {
			isa = PBXFrameworksBuildPhase;
			buildActionMask = 2147483647;
			files = (
			);
			runOnlyForDeploymentPostprocessing = 0;
		};
/* End PBXFrameworksBuildPhase section */

/* Begin PBXGroup section */
		9D5440D629F6FBA100CBC64C = {
			isa = PBXGroup;
			children = (
				9D5440E129F6FBA100CBC64C /* ios.orgnize */,
				9D5440F229F6FBA200CBC64C /* ios.orgnizeTests */,
				9D5440FC29F6FBA200CBC64C /* ios.orgnizeUITests */,
				9D5440E029F6FBA100CBC64C /* Products */,
			);
			sourceTree = "<group>";
		};
		9D5440E029F6FBA100CBC64C /* Products */ = {
			isa = PBXGroup;
			children = (
				9D5440DF29F6FBA100CBC64C /* ios.orgnize.app */,
				9D5440EF29F6FBA200CBC64C /* ios.orgnizeTests.xctest */,
				9D5440F929F6FBA200CBC64C /* ios.orgnizeUITests.xctest */,
			);
			name = Products;
			sourceTree = "<group>";
		};
		9D5440E129F6FBA100CBC64C /* ios.orgnize */ = {
			isa = PBXGroup;
			children = (
				9D8D117429FF19B300062F53 /* ios-orgnize-Info.plist */,
				9DD1EF1029FDA02000B6BE34 /* assets */,
				9D5440E229F6FBA100CBC64C /* ios_orgnizeApp.swift */,
				9D54410C29F6FBE000CBC64C /* tabView.swift */,
				9DB3279C29FC778100D612CA /* editTasks */,
				9DB3279B29FC777500D612CA /* ongoingTasks */,
				9D5440E629F6FBA200CBC64C /* Assets.xcassets */,
				9D5440E829F6FBA200CBC64C /* Preview Content */,
				9D36D85329F769AF00AA9E33 /* arcTaskGroup.swift */,
				9DDD015D29F8A3E9001E3E02 /* externalStructs.swift */,
				9DD1EF1729FDA14600B6BE34 /* image.swift */,
				9D8D117229FF0E8400062F53 /* CRUDFile.swift */,
			);
			path = ios.orgnize;
			sourceTree = "<group>";
		};
		9D5440E829F6FBA200CBC64C /* Preview Content */ = {
			isa = PBXGroup;
			children = (
				9D5440E929F6FBA200CBC64C /* Preview Assets.xcassets */,
			);
			path = "Preview Content";
			sourceTree = "<group>";
		};
		9D5440F229F6FBA200CBC64C /* ios.orgnizeTests */ = {
			isa = PBXGroup;
			children = (
				9D5440F329F6FBA200CBC64C /* ios_orgnizeTests.swift */,
			);
			path = ios.orgnizeTests;
			sourceTree = "<group>";
		};
		9D5440FC29F6FBA200CBC64C /* ios.orgnizeUITests */ = {
			isa = PBXGroup;
			children = (
				9D5440FD29F6FBA200CBC64C /* ios_orgnizeUITests.swift */,
				9D5440FF29F6FBA200CBC64C /* ios_orgnizeUITestsLaunchTests.swift */,
			);
			path = ios.orgnizeUITests;
			sourceTree = "<group>";
		};
		9DB3279B29FC777500D612CA /* ongoingTasks */ = {
			isa = PBXGroup;
			children = (
				9D36D84F29F768E300AA9E33 /* ongoingClock.swift */,
				9D36D85729F76AD900AA9E33 /* taskList.swift */,
			);
			path = ongoingTasks;
			sourceTree = "<group>";
		};
		9DB3279C29FC778100D612CA /* editTasks */ = {
			isa = PBXGroup;
			children = (
				9D36D85129F7691800AA9E33 /* editClock.swift */,
				9D7FFA2029F9EF6300EC7EBA /* editTasks.swift */,
			);
			path = editTasks;
			sourceTree = "<group>";
		};
		9DD1EF1029FDA02000B6BE34 /* assets */ = {
			isa = PBXGroup;
			children = (
				9DD1EF1329FDA03500B6BE34 /* 1.png */,
				9DD1EF1129FDA03500B6BE34 /* 2.png */,
				9DD1EF1229FDA03500B6BE34 /* 3.png */,
			);
			path = assets;
			sourceTree = "<group>";
		};
/* End PBXGroup section */

/* Begin PBXNativeTarget section */
		9D5440DE29F6FBA100CBC64C /* ios.orgnize */ = {
			isa = PBXNativeTarget;
			buildConfigurationList = 9D54410329F6FBA200CBC64C /* Build configuration list for PBXNativeTarget "ios.orgnize" */;
			buildPhases = (
				9D5440DB29F6FBA100CBC64C /* Sources */,
				9D5440DC29F6FBA100CBC64C /* Frameworks */,
				9D5440DD29F6FBA100CBC64C /* Resources */,
			);
			buildRules = (
			);
			dependencies = (
			);
			name = ios.orgnize;
			productName = ios.orgnize;
			productReference = 9D5440DF29F6FBA100CBC64C /* ios.orgnize.app */;
			productType = "com.apple.product-type.application";
		};
		9D5440EE29F6FBA200CBC64C /* ios.orgnizeTests */ = {
			isa = PBXNativeTarget;
			buildConfigurationList = 9D54410629F6FBA200CBC64C /* Build configuration list for PBXNativeTarget "ios.orgnizeTests" */;
			buildPhases = (
				9D5440EB29F6FBA200CBC64C /* Sources */,
				9D5440EC29F6FBA200CBC64C /* Frameworks */,
				9D5440ED29F6FBA200CBC64C /* Resources */,
			);
			buildRules = (
			);
			dependencies = (
				9D5440F129F6FBA200CBC64C /* PBXTargetDependency */,
			);
			name = ios.orgnizeTests;
			productName = ios.orgnizeTests;
			productReference = 9D5440EF29F6FBA200CBC64C /* ios.orgnizeTests.xctest */;
			productType = "com.apple.product-type.bundle.unit-test";
		};
		9D5440F829F6FBA200CBC64C /* ios.orgnizeUITests */ = {
			isa = PBXNativeTarget;
			buildConfigurationList = 9D54410929F6FBA200CBC64C /* Build configuration list for PBXNativeTarget "ios.orgnizeUITests" */;
			buildPhases = (
				9D5440F529F6FBA200CBC64C /* Sources */,
				9D5440F629F6FBA200CBC64C /* Frameworks */,
				9D5440F729F6FBA200CBC64C /* Resources */,
			);
			buildRules = (
			);
			dependencies = (
				9D5440FB29F6FBA200CBC64C /* PBXTargetDependency */,
			);
			name = ios.orgnizeUITests;
			productName = ios.orgnizeUITests;
			productReference = 9D5440F929F6FBA200CBC64C /* ios.orgnizeUITests.xctest */;
			productType = "com.apple.product-type.bundle.ui-testing";
		};
/* End PBXNativeTarget section */

/* Begin PBXProject section */
		9D5440D729F6FBA100CBC64C /* Project object */ = {
			isa = PBXProject;
			attributes = {
				BuildIndependentTargetsInParallel = 1;
				LastSwiftUpdateCheck = 1430;
				LastUpgradeCheck = 1430;
				TargetAttributes = {
					9D5440DE29F6FBA100CBC64C = {
						CreatedOnToolsVersion = 14.3;
					};
					9D5440EE29F6FBA200CBC64C = {
						CreatedOnToolsVersion = 14.3;
						TestTargetID = 9D5440DE29F6FBA100CBC64C;
					};
					9D5440F829F6FBA200CBC64C = {
						CreatedOnToolsVersion = 14.3;
						TestTargetID = 9D5440DE29F6FBA100CBC64C;
					};
				};
			};
			buildConfigurationList = 9D5440DA29F6FBA100CBC64C /* Build configuration list for PBXProject "ios.orgnize" */;
			compatibilityVersion = "Xcode 14.0";
			developmentRegion = en;
			hasScannedForEncodings = 0;
			knownRegions = (
				en,
				Base,
			);
			mainGroup = 9D5440D629F6FBA100CBC64C;
			productRefGroup = 9D5440E029F6FBA100CBC64C /* Products */;
			projectDirPath = "";
			projectRoot = "";
			targets = (
				9D5440DE29F6FBA100CBC64C /* ios.orgnize */,
				9D5440EE29F6FBA200CBC64C /* ios.orgnizeTests */,
				9D5440F829F6FBA200CBC64C /* ios.orgnizeUITests */,
			);
		};
/* End PBXProject section */

/* Begin PBXResourcesBuildPhase section */
		9D5440DD29F6FBA100CBC64C /* Resources */ = {
			isa = PBXResourcesBuildPhase;
			buildActionMask = 2147483647;
			files = (
				9DD1EF1429FDA03500B6BE34 /* 2.png in Resources */,
				9D5440EA29F6FBA200CBC64C /* Preview Assets.xcassets in Resources */,
				9D5440E729F6FBA200CBC64C /* Assets.xcassets in Resources */,
				9DD1EF1529FDA03500B6BE34 /* 3.png in Resources */,
				9DD1EF1629FDA03500B6BE34 /* 1.png in Resources */,
			);
			runOnlyForDeploymentPostprocessing = 0;
		};
		9D5440ED29F6FBA200CBC64C /* Resources */ = {
			isa = PBXResourcesBuildPhase;
			buildActionMask = 2147483647;
			files = (
			);
			runOnlyForDeploymentPostprocessing = 0;
		};
		9D5440F729F6FBA200CBC64C /* Resources */ = {
			isa = PBXResourcesBuildPhase;
			buildActionMask = 2147483647;
			files = (
			);
			runOnlyForDeploymentPostprocessing = 0;
		};
/* End PBXResourcesBuildPhase section */

/* Begin PBXSourcesBuildPhase section */
		9D5440DB29F6FBA100CBC64C /* Sources */ = {
			isa = PBXSourcesBuildPhase;
			buildActionMask = 2147483647;
			files = (
				9DDD015E29F8A3E9001E3E02 /* externalStructs.swift in Sources */,
				9D36D85829F76AD900AA9E33 /* taskList.swift in Sources */,
				9D54410D29F6FBE000CBC64C /* tabView.swift in Sources */,
				9D36D85229F7691800AA9E33 /* editClock.swift in Sources */,
				9D36D85029F768E300AA9E33 /* ongoingClock.swift in Sources */,
				9D5440E329F6FBA100CBC64C /* ios_orgnizeApp.swift in Sources */,
				9D7FFA2129F9EF6300EC7EBA /* editTasks.swift in Sources */,
				9D8D117329FF0E8400062F53 /* CRUDFile.swift in Sources */,
				9D36D85429F769AF00AA9E33 /* arcTaskGroup.swift in Sources */,
				9DD1EF1829FDA14600B6BE34 /* image.swift in Sources */,
			);
			runOnlyForDeploymentPostprocessing = 0;
		};
		9D5440EB29F6FBA200CBC64C /* Sources */ = {
			isa = PBXSourcesBuildPhase;
			buildActionMask = 2147483647;
			files = (
				9D5440F429F6FBA200CBC64C /* ios_orgnizeTests.swift in Sources */,
			);
			runOnlyForDeploymentPostprocessing = 0;
		};
		9D5440F529F6FBA200CBC64C /* Sources */ = {
			isa = PBXSourcesBuildPhase;
			buildActionMask = 2147483647;
			files = (
				9D5440FE29F6FBA200CBC64C /* ios_orgnizeUITests.swift in Sources */,
				9D54410029F6FBA200CBC64C /* ios_orgnizeUITestsLaunchTests.swift in Sources */,
			);
			runOnlyForDeploymentPostprocessing = 0;
		};
/* End PBXSourcesBuildPhase section */

/* Begin PBXTargetDependency section */
		9D5440F129F6FBA200CBC64C /* PBXTargetDependency */ = {
			isa = PBXTargetDependency;
			target = 9D5440DE29F6FBA100CBC64C /* ios.orgnize */;
			targetProxy = 9D5440F029F6FBA200CBC64C /* PBXContainerItemProxy */;
		};
		9D5440FB29F6FBA200CBC64C /* PBXTargetDependency */ = {
			isa = PBXTargetDependency;
			target = 9D5440DE29F6FBA100CBC64C /* ios.orgnize */;
			targetProxy = 9D5440FA29F6FBA200CBC64C /* PBXContainerItemProxy */;
		};
/* End PBXTargetDependency section */

/* Begin XCBuildConfiguration section */
		9D54410129F6FBA200CBC64C /* Debug */ = {
			isa = XCBuildConfiguration;
			buildSettings = {
				ALWAYS_SEARCH_USER_PATHS = NO;
				CLANG_ANALYZER_NONNULL = YES;
				CLANG_ANALYZER_NUMBER_OBJECT_CONVERSION = YES_AGGRESSIVE;
				CLANG_CXX_LANGUAGE_STANDARD = "gnu++20";
				CLANG_ENABLE_MODULES = YES;
				CLANG_ENABLE_OBJC_ARC = YES;
				CLANG_ENABLE_OBJC_WEAK = YES;
				CLANG_WARN_BLOCK_CAPTURE_AUTORELEASING = YES;
				CLANG_WARN_BOOL_CONVERSION = YES;
				CLANG_WARN_COMMA = YES;
				CLANG_WARN_CONSTANT_CONVERSION = YES;
				CLANG_WARN_DEPRECATED_OBJC_IMPLEMENTATIONS = YES;
				CLANG_WARN_DIRECT_OBJC_ISA_USAGE = YES_ERROR;
				CLANG_WARN_DOCUMENTATION_COMMENTS = YES;
				CLANG_WARN_EMPTY_BODY = YES;
				CLANG_WARN_ENUM_CONVERSION = YES;
				CLANG_WARN_INFINITE_RECURSION = YES;
				CLANG_WARN_INT_CONVERSION = YES;
				CLANG_WARN_NON_LITERAL_NULL_CONVERSION = YES;
				CLANG_WARN_OBJC_IMPLICIT_RETAIN_SELF = YES;
				CLANG_WARN_OBJC_LITERAL_CONVERSION = YES;
				CLANG_WARN_OBJC_ROOT_CLASS = YES_ERROR;
				CLANG_WARN_QUOTED_INCLUDE_IN_FRAMEWORK_HEADER = YES;
				CLANG_WARN_RANGE_LOOP_ANALYSIS = YES;
				CLANG_WARN_STRICT_PROTOTYPES = YES;
				CLANG_WARN_SUSPICIOUS_MOVE = YES;
				CLANG_WARN_UNGUARDED_AVAILABILITY = YES_AGGRESSIVE;
				CLANG_WARN_UNREACHABLE_CODE = YES;
				CLANG_WARN__DUPLICATE_METHOD_MATCH = YES;
				COPY_PHASE_STRIP = NO;
				DEBUG_INFORMATION_FORMAT = dwarf;
				ENABLE_STRICT_OBJC_MSGSEND = YES;
				ENABLE_TESTABILITY = YES;
				GCC_C_LANGUAGE_STANDARD = gnu11;
				GCC_DYNAMIC_NO_PIC = NO;
				GCC_NO_COMMON_BLOCKS = YES;
				GCC_OPTIMIZATION_LEVEL = 0;
				GCC_PREPROCESSOR_DEFINITIONS = (
					"DEBUG=1",
					"$(inherited)",
				);
				GCC_WARN_64_TO_32_BIT_CONVERSION = YES;
				GCC_WARN_ABOUT_RETURN_TYPE = YES_ERROR;
				GCC_WARN_UNDECLARED_SELECTOR = YES;
				GCC_WARN_UNINITIALIZED_AUTOS = YES_AGGRESSIVE;
				GCC_WARN_UNUSED_FUNCTION = YES;
				GCC_WARN_UNUSED_VARIABLE = YES;
				IPHONEOS_DEPLOYMENT_TARGET = 16.4;
				MTL_ENABLE_DEBUG_INFO = INCLUDE_SOURCE;
				MTL_FAST_MATH = YES;
				ONLY_ACTIVE_ARCH = YES;
				SDKROOT = iphoneos;
				SWIFT_ACTIVE_COMPILATION_CONDITIONS = DEBUG;
				SWIFT_OPTIMIZATION_LEVEL = "-Onone";
			};
			name = Debug;
		};
		9D54410229F6FBA200CBC64C /* Release */ = {
			isa = XCBuildConfiguration;
			buildSettings = {
				ALWAYS_SEARCH_USER_PATHS = NO;
				CLANG_ANALYZER_NONNULL = YES;
				CLANG_ANALYZER_NUMBER_OBJECT_CONVERSION = YES_AGGRESSIVE;
				CLANG_CXX_LANGUAGE_STANDARD = "gnu++20";
				CLANG_ENABLE_MODULES = YES;
				CLANG_ENABLE_OBJC_ARC = YES;
				CLANG_ENABLE_OBJC_WEAK = YES;
				CLANG_WARN_BLOCK_CAPTURE_AUTORELEASING = YES;
				CLANG_WARN_BOOL_CONVERSION = YES;
				CLANG_WARN_COMMA = YES;
				CLANG_WARN_CONSTANT_CONVERSION = YES;
				CLANG_WARN_DEPRECATED_OBJC_IMPLEMENTATIONS = YES;
				CLANG_WARN_DIRECT_OBJC_ISA_USAGE = YES_ERROR;
				CLANG_WARN_DOCUMENTATION_COMMENTS = YES;
				CLANG_WARN_EMPTY_BODY = YES;
				CLANG_WARN_ENUM_CONVERSION = YES;
				CLANG_WARN_INFINITE_RECURSION = YES;
				CLANG_WARN_INT_CONVERSION = YES;
				CLANG_WARN_NON_LITERAL_NULL_CONVERSION = YES;
				CLANG_WARN_OBJC_IMPLICIT_RETAIN_SELF = YES;
				CLANG_WARN_OBJC_LITERAL_CONVERSION = YES;
				CLANG_WARN_OBJC_ROOT_CLASS = YES_ERROR;
				CLANG_WARN_QUOTED_INCLUDE_IN_FRAMEWORK_HEADER = YES;
				CLANG_WARN_RANGE_LOOP_ANALYSIS = YES;
				CLANG_WARN_STRICT_PROTOTYPES = YES;
				CLANG_WARN_SUSPICIOUS_MOVE = YES;
				CLANG_WARN_UNGUARDED_AVAILABILITY = YES_AGGRESSIVE;
				CLANG_WARN_UNREACHABLE_CODE = YES;
				CLANG_WARN__DUPLICATE_METHOD_MATCH = YES;
				COPY_PHASE_STRIP = NO;
				DEBUG_INFORMATION_FORMAT = "dwarf-with-dsym";
				ENABLE_NS_ASSERTIONS = NO;
				ENABLE_STRICT_OBJC_MSGSEND = YES;
				GCC_C_LANGUAGE_STANDARD = gnu11;
				GCC_NO_COMMON_BLOCKS = YES;
				GCC_WARN_64_TO_32_BIT_CONVERSION = YES;
				GCC_WARN_ABOUT_RETURN_TYPE = YES_ERROR;
				GCC_WARN_UNDECLARED_SELECTOR = YES;
				GCC_WARN_UNINITIALIZED_AUTOS = YES_AGGRESSIVE;
				GCC_WARN_UNUSED_FUNCTION = YES;
				GCC_WARN_UNUSED_VARIABLE = YES;
				IPHONEOS_DEPLOYMENT_TARGET = 16.4;
				MTL_ENABLE_DEBUG_INFO = NO;
				MTL_FAST_MATH = YES;
				SDKROOT = iphoneos;
				SWIFT_COMPILATION_MODE = wholemodule;
				SWIFT_OPTIMIZATION_LEVEL = "-O";
				VALIDATE_PRODUCT = YES;
			};
			name = Release;
		};
		9D54410429F6FBA200CBC64C /* Debug */ = {
			isa = XCBuildConfiguration;
			buildSettings = {
				ASSETCATALOG_COMPILER_APPICON_NAME = AppIcon;
				ASSETCATALOG_COMPILER_GLOBAL_ACCENT_COLOR_NAME = AccentColor;
				CODE_SIGN_STYLE = Automatic;
				CURRENT_PROJECT_VERSION = 1;
				DEVELOPMENT_ASSET_PATHS = "\"ios.orgnize/Preview Content\"";
				DEVELOPMENT_TEAM = P3RX89R4JA;
				ENABLE_PREVIEWS = YES;
				GENERATE_INFOPLIST_FILE = YES;
				INFOPLIST_FILE = "ios-orgnize-Info.plist";
				INFOPLIST_KEY_UIApplicationSceneManifest_Generation = YES;
				INFOPLIST_KEY_UIApplicationSupportsIndirectInputEvents = YES;
				INFOPLIST_KEY_UILaunchScreen_Generation = YES;
				INFOPLIST_KEY_UISupportedInterfaceOrientations = UIInterfaceOrientationPortrait;
				INFOPLIST_KEY_UISupportedInterfaceOrientations_iPad = "UIInterfaceOrientationLandscapeLeft UIInterfaceOrientationLandscapeRight UIInterfaceOrientationPortrait UIInterfaceOrientationPortraitUpsideDown";
				IPHONEOS_DEPLOYMENT_TARGET = 16.3;
				LD_RUNPATH_SEARCH_PATHS = (
					"$(inherited)",
					"@executable_path/Frameworks",
				);
				MARKETING_VERSION = 1.0;
				PRODUCT_BUNDLE_IDENTIFIER = "ios.ios-orgnize";
				PRODUCT_NAME = "$(TARGET_NAME)";
				SUPPORTED_PLATFORMS = "iphoneos iphonesimulator";
				SUPPORTS_MACCATALYST = NO;
				SUPPORTS_MAC_DESIGNED_FOR_IPHONE_IPAD = NO;
				SWIFT_EMIT_LOC_STRINGS = YES;
				SWIFT_VERSION = 5.0;
				TARGETED_DEVICE_FAMILY = 1;
			};
			name = Debug;
		};
		9D54410529F6FBA200CBC64C /* Release */ = {
			isa = XCBuildConfiguration;
			buildSettings = {
				ASSETCATALOG_COMPILER_APPICON_NAME = AppIcon;
				ASSETCATALOG_COMPILER_GLOBAL_ACCENT_COLOR_NAME = AccentColor;
				CODE_SIGN_STYLE = Automatic;
				CURRENT_PROJECT_VERSION = 1;
				DEVELOPMENT_ASSET_PATHS = "\"ios.orgnize/Preview Content\"";
				DEVELOPMENT_TEAM = P3RX89R4JA;
				ENABLE_PREVIEWS = YES;
				GENERATE_INFOPLIST_FILE = YES;
				INFOPLIST_FILE = "ios-orgnize-Info.plist";
				INFOPLIST_KEY_UIApplicationSceneManifest_Generation = YES;
				INFOPLIST_KEY_UIApplicationSupportsIndirectInputEvents = YES;
				INFOPLIST_KEY_UILaunchScreen_Generation = YES;
				INFOPLIST_KEY_UISupportedInterfaceOrientations = UIInterfaceOrientationPortrait;
				INFOPLIST_KEY_UISupportedInterfaceOrientations_iPad = "UIInterfaceOrientationLandscapeLeft UIInterfaceOrientationLandscapeRight UIInterfaceOrientationPortrait UIInterfaceOrientationPortraitUpsideDown";
				IPHONEOS_DEPLOYMENT_TARGET = 16.3;
				LD_RUNPATH_SEARCH_PATHS = (
					"$(inherited)",
					"@executable_path/Frameworks",
				);
				MARKETING_VERSION = 1.0;
				PRODUCT_BUNDLE_IDENTIFIER = "ios.ios-orgnize";
				PRODUCT_NAME = "$(TARGET_NAME)";
				SUPPORTED_PLATFORMS = "iphoneos iphonesimulator";
				SUPPORTS_MACCATALYST = NO;
				SUPPORTS_MAC_DESIGNED_FOR_IPHONE_IPAD = NO;
				SWIFT_EMIT_LOC_STRINGS = YES;
				SWIFT_VERSION = 5.0;
				TARGETED_DEVICE_FAMILY = 1;
			};
			name = Release;
		};
		9D54410729F6FBA200CBC64C /* Debug */ = {
			isa = XCBuildConfiguration;
			buildSettings = {
				ALWAYS_EMBED_SWIFT_STANDARD_LIBRARIES = YES;
				BUNDLE_LOADER = "$(TEST_HOST)";
				CODE_SIGN_STYLE = Automatic;
				CURRENT_PROJECT_VERSION = 1;
				DEVELOPMENT_TEAM = P3RX89R4JA;
				GENERATE_INFOPLIST_FILE = YES;
				IPHONEOS_DEPLOYMENT_TARGET = 16.4;
				MARKETING_VERSION = 1.0;
				PRODUCT_BUNDLE_IDENTIFIER = "ios.ios-orgnizeTests";
				PRODUCT_NAME = "$(TARGET_NAME)";
				SWIFT_EMIT_LOC_STRINGS = NO;
				SWIFT_VERSION = 5.0;
				TARGETED_DEVICE_FAMILY = "1,2";
				TEST_HOST = "$(BUILT_PRODUCTS_DIR)/ios.orgnize.app/$(BUNDLE_EXECUTABLE_FOLDER_PATH)/ios.orgnize";
			};
			name = Debug;
		};
		9D54410829F6FBA200CBC64C /* Release */ = {
			isa = XCBuildConfiguration;
			buildSettings = {
				ALWAYS_EMBED_SWIFT_STANDARD_LIBRARIES = YES;
				BUNDLE_LOADER = "$(TEST_HOST)";
				CODE_SIGN_STYLE = Automatic;
				CURRENT_PROJECT_VERSION = 1;
				DEVELOPMENT_TEAM = P3RX89R4JA;
				GENERATE_INFOPLIST_FILE = YES;
				IPHONEOS_DEPLOYMENT_TARGET = 16.4;
				MARKETING_VERSION = 1.0;
				PRODUCT_BUNDLE_IDENTIFIER = "ios.ios-orgnizeTests";
				PRODUCT_NAME = "$(TARGET_NAME)";
				SWIFT_EMIT_LOC_STRINGS = NO;
				SWIFT_VERSION = 5.0;
				TARGETED_DEVICE_FAMILY = "1,2";
				TEST_HOST = "$(BUILT_PRODUCTS_DIR)/ios.orgnize.app/$(BUNDLE_EXECUTABLE_FOLDER_PATH)/ios.orgnize";
			};
			name = Release;
		};
		9D54410A29F6FBA200CBC64C /* Debug */ = {
			isa = XCBuildConfiguration;
			buildSettings = {
				ALWAYS_EMBED_SWIFT_STANDARD_LIBRARIES = YES;
				CODE_SIGN_STYLE = Automatic;
				CURRENT_PROJECT_VERSION = 1;
				DEVELOPMENT_TEAM = P3RX89R4JA;
				GENERATE_INFOPLIST_FILE = YES;
				MARKETING_VERSION = 1.0;
				PRODUCT_BUNDLE_IDENTIFIER = "ios.ios-orgnizeUITests";
				PRODUCT_NAME = "$(TARGET_NAME)";
				SWIFT_EMIT_LOC_STRINGS = NO;
				SWIFT_VERSION = 5.0;
				TARGETED_DEVICE_FAMILY = "1,2";
				TEST_TARGET_NAME = ios.orgnize;
			};
			name = Debug;
		};
		9D54410B29F6FBA200CBC64C /* Release */ = {
			isa = XCBuildConfiguration;
			buildSettings = {
				ALWAYS_EMBED_SWIFT_STANDARD_LIBRARIES = YES;
				CODE_SIGN_STYLE = Automatic;
				CURRENT_PROJECT_VERSION = 1;
				DEVELOPMENT_TEAM = P3RX89R4JA;
				GENERATE_INFOPLIST_FILE = YES;
				MARKETING_VERSION = 1.0;
				PRODUCT_BUNDLE_IDENTIFIER = "ios.ios-orgnizeUITests";
				PRODUCT_NAME = "$(TARGET_NAME)";
				SWIFT_EMIT_LOC_STRINGS = NO;
				SWIFT_VERSION = 5.0;
				TARGETED_DEVICE_FAMILY = "1,2";
				TEST_TARGET_NAME = ios.orgnize;
			};
			name = Release;
		};
/* End XCBuildConfiguration section */

/* Begin XCConfigurationList section */
		9D5440DA29F6FBA100CBC64C /* Build configuration list for PBXProject "ios.orgnize" */ = {
			isa = XCConfigurationList;
			buildConfigurations = (
				9D54410129F6FBA200CBC64C /* Debug */,
				9D54410229F6FBA200CBC64C /* Release */,
			);
			defaultConfigurationIsVisible = 0;
			defaultConfigurationName = Release;
		};
		9D54410329F6FBA200CBC64C /* Build configuration list for PBXNativeTarget "ios.orgnize" */ = {
			isa = XCConfigurationList;
			buildConfigurations = (
				9D54410429F6FBA200CBC64C /* Debug */,
				9D54410529F6FBA200CBC64C /* Release */,
			);
			defaultConfigurationIsVisible = 0;
			defaultConfigurationName = Release;
		};
		9D54410629F6FBA200CBC64C /* Build configuration list for PBXNativeTarget "ios.orgnizeTests" */ = {
			isa = XCConfigurationList;
			buildConfigurations = (
				9D54410729F6FBA200CBC64C /* Debug */,
				9D54410829F6FBA200CBC64C /* Release */,
			);
			defaultConfigurationIsVisible = 0;
			defaultConfigurationName = Release;
		};
		9D54410929F6FBA200CBC64C /* Build configuration list for PBXNativeTarget "ios.orgnizeUITests" */ = {
			isa = XCConfigurationList;
			buildConfigurations = (
				9D54410A29F6FBA200CBC64C /* Debug */,
				9D54410B29F6FBA200CBC64C /* Release */,
			);
			defaultConfigurationIsVisible = 0;
			defaultConfigurationName = Release;
		};
/* End XCConfigurationList section */
	};
	rootObject = 9D5440D729F6FBA100CBC64C /* Project object */;
}
